
Microsoft Visual Studio Solution File, Format Version 12.00
# Visual Studio Version 17
VisualStudioVersion = 17.10.35027.167
MinimumVisualStudioVersion = 10.0.40219.1
Project("{FAE04EC0-301F-11D3-BF4B-00C04F79EFBC}") = "AdivinaElNumero1.1", "AdivinaElNumero1.1.csproj", "{2AB3AD4E-D91A-4D4E-AAA9-F3F5CB1E364C}"
EndProject
Global
	GlobalSection(SolutionConfigurationPlatforms) = preSolution
		Debug|Any CPU = Debug|Any CPU
		Release|Any CPU = Release|Any CPU
	EndGlobalSection
	GlobalSection(ProjectConfigurationPlatforms) = postSolution
		{2AB3AD4E-D91A-4D4E-AAA9-F3F5CB1E364C}.Debug|Any CPU.ActiveCfg = Debug|Any CPU
		{2AB3AD4E-D91A-4D4E-AAA9-F3F5CB1E364C}.Debug|Any CPU.Build.0 = Debug|Any CPU
		{2AB3AD4E-D91A-4D4E-AAA9-F3F5CB1E364C}.Release|Any CPU.ActiveCfg = Release|Any CPU
		{2AB3AD4E-D91A-4D4E-AAA9-F3F5CB1E364C}.Release|Any CPU.Build.0 = Release|Any CPU
	EndGlobalSection
	GlobalSection(SolutionProperties) = preSolution
		HideSolutionNode = FALSE
	EndGlobalSection
	GlobalSection(ExtensibilityGlobals) = postSolution
		SolutionGuid = {8FCCF736-BFFF-4FF0-AA3C-C89EB0A510E8}
	EndGlobalSection
EndGlobal
